
Microsoft Visual Studio Solution File, Format Version 12.00
# Visual Studio Version 17
VisualStudioVersion = 17.3.32804.467
MinimumVisualStudioVersion = 10.0.40219.1
Project("{FAE04EC0-301F-11D3-BF4B-00C04F79EFBC}") = "practice 12", "practice 12\practice 12.csproj", "{BC250826-2FC8-4226-964D-E427ADCBD042}"
EndProject
Global
	GlobalSection(SolutionConfigurationPlatforms) = preSolution
		Debug|Any CPU = Debug|Any CPU
		Release|Any CPU = Release|Any CPU
	EndGlobalSection
	GlobalSection(ProjectConfigurationPlatforms) = postSolution
		{BC250826-2FC8-4226-964D-E427ADCBD042}.Debug|Any CPU.ActiveCfg = Debug|Any CPU
		{BC250826-2FC8-4226-964D-E427ADCBD042}.Debug|Any CPU.Build.0 = Debug|Any CPU
		{BC250826-2FC8-4226-964D-E427ADCBD042}.Release|Any CPU.ActiveCfg = Release|Any CPU
		{BC250826-2FC8-4226-964D-E427ADCBD042}.Release|Any CPU.Build.0 = Release|Any CPU
	EndGlobalSection
	GlobalSection(SolutionProperties) = preSolution
		HideSolutionNode = FALSE
	EndGlobalSection
	GlobalSection(ExtensibilityGlobals) = postSolution
		SolutionGuid = {B28426C7-23AA-4F35-8904-BA5AF8807DF9}
	EndGlobalSection
EndGlobal
